// !$*UTF8*$!
{
	archiveVersion = 1;
	classes = {
	};
	objectVersion = 51;
	objects = {

/* Begin PBXBuildFile section */
		0963E30D84F37843EDF0F877 /* Pods_Flixster.framework in Frameworks */ = {isa = PBXBuildFile; fileRef = F1D899E39C676CBADF2B51CC /* Pods_Flixster.framework */; };
		5C223572052B8DFC7614E3FF /* Pods_FlixsterTests.framework in Frameworks */ = {isa = PBXBuildFile; fileRef = F83C5970EAE547E46F18885B /* Pods_FlixsterTests.framework */; };
		A6FEB0928BD27F838C1388FF /* Pods_FlixsterUITests.framework in Frameworks */ = {isa = PBXBuildFile; fileRef = 6E4F809B9FD53303A24FA0D8 /* Pods_FlixsterUITests.framework */; };
		F93FDD3322C5DB4E0082E8C5 /* FamilyGridViewController.m in Sources */ = {isa = PBXBuildFile; fileRef = F93FDD3222C5DB4E0082E8C5 /* FamilyGridViewController.m */; };
		F93FDD3622C5DD750082E8C5 /* FamilyCollectionCell.m in Sources */ = {isa = PBXBuildFile; fileRef = F93FDD3522C5DD750082E8C5 /* FamilyCollectionCell.m */; };
		F96367B922C3F3C7001E8198 /* AppDelegate.m in Sources */ = {isa = PBXBuildFile; fileRef = F96367B822C3F3C7001E8198 /* AppDelegate.m */; };
		F96367BF22C3F3C7001E8198 /* Main.storyboard in Resources */ = {isa = PBXBuildFile; fileRef = F96367BD22C3F3C7001E8198 /* Main.storyboard */; };
		F96367C122C3F3C8001E8198 /* Assets.xcassets in Resources */ = {isa = PBXBuildFile; fileRef = F96367C022C3F3C8001E8198 /* Assets.xcassets */; };
		F96367C422C3F3C8001E8198 /* LaunchScreen.storyboard in Resources */ = {isa = PBXBuildFile; fileRef = F96367C222C3F3C8001E8198 /* LaunchScreen.storyboard */; };
		F96367C722C3F3C8001E8198 /* main.m in Sources */ = {isa = PBXBuildFile; fileRef = F96367C622C3F3C8001E8198 /* main.m */; };
		F96367D122C3F3C8001E8198 /* FlixsterTests.m in Sources */ = {isa = PBXBuildFile; fileRef = F96367D022C3F3C8001E8198 /* FlixsterTests.m */; };
		F96367DC22C3F3C8001E8198 /* FlixsterUITests.m in Sources */ = {isa = PBXBuildFile; fileRef = F96367DB22C3F3C8001E8198 /* FlixsterUITests.m */; };
		F96367EB22C40225001E8198 /* MoviesViewController.m in Sources */ = {isa = PBXBuildFile; fileRef = F96367EA22C40225001E8198 /* MoviesViewController.m */; };
		F96367F122C4247F001E8198 /* MovieCell.m in Sources */ = {isa = PBXBuildFile; fileRef = F96367F022C4247F001E8198 /* MovieCell.m */; };
		F96367F422C43A6D001E8198 /* DetailsViewController.m in Sources */ = {isa = PBXBuildFile; fileRef = F96367F322C43A6D001E8198 /* DetailsViewController.m */; };
		F96367F722C4477A001E8198 /* MoviesGridViewController.m in Sources */ = {isa = PBXBuildFile; fileRef = F96367F622C4477A001E8198 /* MoviesGridViewController.m */; };
		F96367FA22C44A14001E8198 /* MovieCollectionCell.m in Sources */ = {isa = PBXBuildFile; fileRef = F96367F922C44A14001E8198 /* MovieCollectionCell.m */; };
/* End PBXBuildFile section */

/* Begin PBXContainerItemProxy section */
		F96367CD22C3F3C8001E8198 /* PBXContainerItemProxy */ = {
			isa = PBXContainerItemProxy;
			containerPortal = F96367AC22C3F3C7001E8198 /* Project object */;
			proxyType = 1;
			remoteGlobalIDString = F96367B322C3F3C7001E8198;
			remoteInfo = Flixster;
		};
		F96367D822C3F3C8001E8198 /* PBXContainerItemProxy */ = {
			isa = PBXContainerItemProxy;
			containerPortal = F96367AC22C3F3C7001E8198 /* Project object */;
			proxyType = 1;
			remoteGlobalIDString = F96367B322C3F3C7001E8198;
			remoteInfo = Flixster;
		};
/* End PBXContainerItemProxy section */

/* Begin PBXFileReference section */
		1440026B38188D9B9C6C0493 /* Pods-FlixsterUITests.release.xcconfig */ = {isa = PBXFileReference; includeInIndex = 1; lastKnownFileType = text.xcconfig; name = "Pods-FlixsterUITests.release.xcconfig"; path = "Target Support Files/Pods-FlixsterUITests/Pods-FlixsterUITests.release.xcconfig"; sourceTree = "<group>"; };
		38C79EC4DF12A33050E4B0FD /* Pods-Flixster.debug.xcconfig */ = {isa = PBXFileReference; includeInIndex = 1; lastKnownFileType = text.xcconfig; name = "Pods-Flixster.debug.xcconfig"; path = "Target Support Files/Pods-Flixster/Pods-Flixster.debug.xcconfig"; sourceTree = "<group>"; };
		6E4F809B9FD53303A24FA0D8 /* Pods_FlixsterUITests.framework */ = {isa = PBXFileReference; explicitFileType = wrapper.framework; includeInIndex = 0; path = Pods_FlixsterUITests.framework; sourceTree = BUILT_PRODUCTS_DIR; };
		AB743DB46DE3712DC4F2D547 /* Pods-FlixsterUITests.debug.xcconfig */ = {isa = PBXFileReference; includeInIndex = 1; lastKnownFileType = text.xcconfig; name = "Pods-FlixsterUITests.debug.xcconfig"; path = "Target Support Files/Pods-FlixsterUITests/Pods-FlixsterUITests.debug.xcconfig"; sourceTree = "<group>"; };
		C17436852BD9990D9E73D862 /* Pods-FlixsterTests.release.xcconfig */ = {isa = PBXFileReference; includeInIndex = 1; lastKnownFileType = text.xcconfig; name = "Pods-FlixsterTests.release.xcconfig"; path = "Target Support Files/Pods-FlixsterTests/Pods-FlixsterTests.release.xcconfig"; sourceTree = "<group>"; };
		DA84D3521CBD1A6594875006 /* Pods-Flixster.release.xcconfig */ = {isa = PBXFileReference; includeInIndex = 1; lastKnownFileType = text.xcconfig; name = "Pods-Flixster.release.xcconfig"; path = "Target Support Files/Pods-Flixster/Pods-Flixster.release.xcconfig"; sourceTree = "<group>"; };
		E12ABAFE2D65A47F0C583AEF /* Pods-FlixsterTests.debug.xcconfig */ = {isa = PBXFileReference; includeInIndex = 1; lastKnownFileType = text.xcconfig; name = "Pods-FlixsterTests.debug.xcconfig"; path = "Target Support Files/Pods-FlixsterTests/Pods-FlixsterTests.debug.xcconfig"; sourceTree = "<group>"; };
		F1D899E39C676CBADF2B51CC /* Pods_Flixster.framework */ = {isa = PBXFileReference; explicitFileType = wrapper.framework; includeInIndex = 0; path = Pods_Flixster.framework; sourceTree = BUILT_PRODUCTS_DIR; };
		F83C5970EAE547E46F18885B /* Pods_FlixsterTests.framework */ = {isa = PBXFileReference; explicitFileType = wrapper.framework; includeInIndex = 0; path = Pods_FlixsterTests.framework; sourceTree = BUILT_PRODUCTS_DIR; };
		F93FDD3122C5DB4E0082E8C5 /* FamilyGridViewController.h */ = {isa = PBXFileReference; lastKnownFileType = sourcecode.c.h; path = FamilyGridViewController.h; sourceTree = "<group>"; };
		F93FDD3222C5DB4E0082E8C5 /* FamilyGridViewController.m */ = {isa = PBXFileReference; lastKnownFileType = sourcecode.c.objc; path = FamilyGridViewController.m; sourceTree = "<group>"; };
		F93FDD3422C5DD750082E8C5 /* FamilyCollectionCell.h */ = {isa = PBXFileReference; lastKnownFileType = sourcecode.c.h; path = FamilyCollectionCell.h; sourceTree = "<group>"; };
		F93FDD3522C5DD750082E8C5 /* FamilyCollectionCell.m */ = {isa = PBXFileReference; lastKnownFileType = sourcecode.c.objc; path = FamilyCollectionCell.m; sourceTree = "<group>"; };
		F96367B422C3F3C7001E8198 /* Flixster.app */ = {isa = PBXFileReference; explicitFileType = wrapper.application; includeInIndex = 0; path = Flixster.app; sourceTree = BUILT_PRODUCTS_DIR; };
		F96367B722C3F3C7001E8198 /* AppDelegate.h */ = {isa = PBXFileReference; lastKnownFileType = sourcecode.c.h; path = AppDelegate.h; sourceTree = "<group>"; };
		F96367B822C3F3C7001E8198 /* AppDelegate.m */ = {isa = PBXFileReference; lastKnownFileType = sourcecode.c.objc; path = AppDelegate.m; sourceTree = "<group>"; };
		F96367BE22C3F3C7001E8198 /* Base */ = {isa = PBXFileReference; lastKnownFileType = file.storyboard; name = Base; path = Base.lproj/Main.storyboard; sourceTree = "<group>"; };
		F96367C022C3F3C8001E8198 /* Assets.xcassets */ = {isa = PBXFileReference; lastKnownFileType = folder.assetcatalog; path = Assets.xcassets; sourceTree = "<group>"; };
		F96367C322C3F3C8001E8198 /* Base */ = {isa = PBXFileReference; lastKnownFileType = file.storyboard; name = Base; path = Base.lproj/LaunchScreen.storyboard; sourceTree = "<group>"; };
		F96367C522C3F3C8001E8198 /* Info.plist */ = {isa = PBXFileReference; lastKnownFileType = text.plist.xml; path = Info.plist; sourceTree = "<group>"; };
		F96367C622C3F3C8001E8198 /* main.m */ = {isa = PBXFileReference; lastKnownFileType = sourcecode.c.objc; path = main.m; sourceTree = "<group>"; };
		F96367CC22C3F3C8001E8198 /* FlixsterTests.xctest */ = {isa = PBXFileReference; explicitFileType = wrapper.cfbundle; includeInIndex = 0; path = FlixsterTests.xctest; sourceTree = BUILT_PRODUCTS_DIR; };
		F96367D022C3F3C8001E8198 /* FlixsterTests.m */ = {isa = PBXFileReference; lastKnownFileType = sourcecode.c.objc; path = FlixsterTests.m; sourceTree = "<group>"; };
		F96367D222C3F3C8001E8198 /* Info.plist */ = {isa = PBXFileReference; lastKnownFileType = text.plist.xml; path = Info.plist; sourceTree = "<group>"; };
		F96367D722C3F3C8001E8198 /* FlixsterUITests.xctest */ = {isa = PBXFileReference; explicitFileType = wrapper.cfbundle; includeInIndex = 0; path = FlixsterUITests.xctest; sourceTree = BUILT_PRODUCTS_DIR; };
		F96367DB22C3F3C8001E8198 /* FlixsterUITests.m */ = {isa = PBXFileReference; lastKnownFileType = sourcecode.c.objc; path = FlixsterUITests.m; sourceTree = "<group>"; };
		F96367DD22C3F3C8001E8198 /* Info.plist */ = {isa = PBXFileReference; lastKnownFileType = text.plist.xml; path = Info.plist; sourceTree = "<group>"; };
		F96367E922C40225001E8198 /* MoviesViewController.h */ = {isa = PBXFileReference; lastKnownFileType = sourcecode.c.h; path = MoviesViewController.h; sourceTree = "<group>"; };
		F96367EA22C40225001E8198 /* MoviesViewController.m */ = {isa = PBXFileReference; lastKnownFileType = sourcecode.c.objc; path = MoviesViewController.m; sourceTree = "<group>"; };
		F96367EF22C4247F001E8198 /* MovieCell.h */ = {isa = PBXFileReference; lastKnownFileType = sourcecode.c.h; path = MovieCell.h; sourceTree = "<group>"; };
		F96367F022C4247F001E8198 /* MovieCell.m */ = {isa = PBXFileReference; lastKnownFileType = sourcecode.c.objc; path = MovieCell.m; sourceTree = "<group>"; };
		F96367F222C43A6D001E8198 /* DetailsViewController.h */ = {isa = PBXFileReference; lastKnownFileType = sourcecode.c.h; path = DetailsViewController.h; sourceTree = "<group>"; };
		F96367F322C43A6D001E8198 /* DetailsViewController.m */ = {isa = PBXFileReference; lastKnownFileType = sourcecode.c.objc; path = DetailsViewController.m; sourceTree = "<group>"; };
		F96367F522C4477A001E8198 /* MoviesGridViewController.h */ = {isa = PBXFileReference; lastKnownFileType = sourcecode.c.h; path = MoviesGridViewController.h; sourceTree = "<group>"; };
		F96367F622C4477A001E8198 /* MoviesGridViewController.m */ = {isa = PBXFileReference; lastKnownFileType = sourcecode.c.objc; path = MoviesGridViewController.m; sourceTree = "<group>"; };
		F96367F822C44A14001E8198 /* MovieCollectionCell.h */ = {isa = PBXFileReference; lastKnownFileType = sourcecode.c.h; path = MovieCollectionCell.h; sourceTree = "<group>"; };
		F96367F922C44A14001E8198 /* MovieCollectionCell.m */ = {isa = PBXFileReference; lastKnownFileType = sourcecode.c.objc; path = MovieCollectionCell.m; sourceTree = "<group>"; };
/* End PBXFileReference section */

/* Begin PBXFrameworksBuildPhase section */
		F96367B122C3F3C7001E8198 /* Frameworks */ = {
			isa = PBXFrameworksBuildPhase;
			buildActionMask = 2147483647;
			files = (
				0963E30D84F37843EDF0F877 /* Pods_Flixster.framework in Frameworks */,
			);
			runOnlyForDeploymentPostprocessing = 0;
		};
		F96367C922C3F3C8001E8198 /* Frameworks */ = {
			isa = PBXFrameworksBuildPhase;
			buildActionMask = 2147483647;
			files = (
				5C223572052B8DFC7614E3FF /* Pods_FlixsterTests.framework in Frameworks */,
			);
			runOnlyForDeploymentPostprocessing = 0;
		};
		F96367D422C3F3C8001E8198 /* Frameworks */ = {
			isa = PBXFrameworksBuildPhase;
			buildActionMask = 2147483647;
			files = (
				A6FEB0928BD27F838C1388FF /* Pods_FlixsterUITests.framework in Frameworks */,
			);
			runOnlyForDeploymentPostprocessing = 0;
		};
/* End PBXFrameworksBuildPhase section */

/* Begin PBXGroup section */
		0BA36EC63EEEE42F1502CA4C /* Pods */ = {
			isa = PBXGroup;
			children = (
				38C79EC4DF12A33050E4B0FD /* Pods-Flixster.debug.xcconfig */,
				DA84D3521CBD1A6594875006 /* Pods-Flixster.release.xcconfig */,
				E12ABAFE2D65A47F0C583AEF /* Pods-FlixsterTests.debug.xcconfig */,
				C17436852BD9990D9E73D862 /* Pods-FlixsterTests.release.xcconfig */,
				AB743DB46DE3712DC4F2D547 /* Pods-FlixsterUITests.debug.xcconfig */,
				1440026B38188D9B9C6C0493 /* Pods-FlixsterUITests.release.xcconfig */,
			);
			path = Pods;
			sourceTree = "<group>";
		};
		960BD33A652D90390C3EC688 /* Frameworks */ = {
			isa = PBXGroup;
			children = (
				F1D899E39C676CBADF2B51CC /* Pods_Flixster.framework */,
				F83C5970EAE547E46F18885B /* Pods_FlixsterTests.framework */,
				6E4F809B9FD53303A24FA0D8 /* Pods_FlixsterUITests.framework */,
			);
			name = Frameworks;
			sourceTree = "<group>";
		};
		F96367AB22C3F3C7001E8198 = {
			isa = PBXGroup;
			children = (
				F96367B622C3F3C7001E8198 /* Flixster */,
				F96367CF22C3F3C8001E8198 /* FlixsterTests */,
				F96367DA22C3F3C8001E8198 /* FlixsterUITests */,
				F96367B522C3F3C7001E8198 /* Products */,
				0BA36EC63EEEE42F1502CA4C /* Pods */,
				960BD33A652D90390C3EC688 /* Frameworks */,
			);
			sourceTree = "<group>";
		};
		F96367B522C3F3C7001E8198 /* Products */ = {
			isa = PBXGroup;
			children = (
				F96367B422C3F3C7001E8198 /* Flixster.app */,
				F96367CC22C3F3C8001E8198 /* FlixsterTests.xctest */,
				F96367D722C3F3C8001E8198 /* FlixsterUITests.xctest */,
			);
			name = Products;
			sourceTree = "<group>";
		};
		F96367B622C3F3C7001E8198 /* Flixster */ = {
			isa = PBXGroup;
			children = (
				F96367EE22C4032E001E8198 /* Models */,
				F96367ED22C40327001E8198 /* Views */,
				F96367EC22C4031E001E8198 /* View Controllers */,
				F96367B722C3F3C7001E8198 /* AppDelegate.h */,
				F96367B822C3F3C7001E8198 /* AppDelegate.m */,
				F96367BD22C3F3C7001E8198 /* Main.storyboard */,
				F96367C022C3F3C8001E8198 /* Assets.xcassets */,
				F96367C222C3F3C8001E8198 /* LaunchScreen.storyboard */,
				F96367C522C3F3C8001E8198 /* Info.plist */,
				F96367C622C3F3C8001E8198 /* main.m */,
			);
			path = Flixster;
			sourceTree = "<group>";
		};
		F96367CF22C3F3C8001E8198 /* FlixsterTests */ = {
			isa = PBXGroup;
			children = (
				F96367D022C3F3C8001E8198 /* FlixsterTests.m */,
				F96367D222C3F3C8001E8198 /* Info.plist */,
			);
			path = FlixsterTests;
			sourceTree = "<group>";
		};
		F96367DA22C3F3C8001E8198 /* FlixsterUITests */ = {
			isa = PBXGroup;
			children = (
				F96367DB22C3F3C8001E8198 /* FlixsterUITests.m */,
				F96367DD22C3F3C8001E8198 /* Info.plist */,
			);
			path = FlixsterUITests;
			sourceTree = "<group>";
		};
		F96367EC22C4031E001E8198 /* View Controllers */ = {
			isa = PBXGroup;
			children = (
				F96367E922C40225001E8198 /* MoviesViewController.h */,
				F96367EA22C40225001E8198 /* MoviesViewController.m */,
				F96367F222C43A6D001E8198 /* DetailsViewController.h */,
				F96367F322C43A6D001E8198 /* DetailsViewController.m */,
				F96367F522C4477A001E8198 /* MoviesGridViewController.h */,
				F96367F622C4477A001E8198 /* MoviesGridViewController.m */,
				F93FDD3122C5DB4E0082E8C5 /* FamilyGridViewController.h */,
				F93FDD3222C5DB4E0082E8C5 /* FamilyGridViewController.m */,
			);
			path = "View Controllers";
			sourceTree = "<group>";
		};
		F96367ED22C40327001E8198 /* Views */ = {
			isa = PBXGroup;
			children = (
				F96367EF22C4247F001E8198 /* MovieCell.h */,
				F96367F022C4247F001E8198 /* MovieCell.m */,
				F96367F822C44A14001E8198 /* MovieCollectionCell.h */,
				F96367F922C44A14001E8198 /* MovieCollectionCell.m */,
				F93FDD3422C5DD750082E8C5 /* FamilyCollectionCell.h */,
				F93FDD3522C5DD750082E8C5 /* FamilyCollectionCell.m */,
			);
			path = Views;
			sourceTree = "<group>";
		};
		F96367EE22C4032E001E8198 /* Models */ = {
			isa = PBXGroup;
			children = (
			);
			path = Models;
			sourceTree = "<group>";
		};
/* End PBXGroup section */

/* Begin PBXNativeTarget section */
		F96367B322C3F3C7001E8198 /* Flixster */ = {
			isa = PBXNativeTarget;
			buildConfigurationList = F96367E022C3F3C8001E8198 /* Build configuration list for PBXNativeTarget "Flixster" */;
			buildPhases = (
				80AB670EEFDB139F48A31EBB /* [CP] Check Pods Manifest.lock */,
				F96367B022C3F3C7001E8198 /* Sources */,
				F96367B122C3F3C7001E8198 /* Frameworks */,
				F96367B222C3F3C7001E8198 /* Resources */,
				7A2ED1CF5E4FD2F07A4FDBDC /* [CP] Embed Pods Frameworks */,
			);
			buildRules = (
			);
			dependencies = (
			);
			name = Flixster;
			productName = Flixster;
			productReference = F96367B422C3F3C7001E8198 /* Flixster.app */;
			productType = "com.apple.product-type.application";
		};
		F96367CB22C3F3C8001E8198 /* FlixsterTests */ = {
			isa = PBXNativeTarget;
			buildConfigurationList = F96367E322C3F3C8001E8198 /* Build configuration list for PBXNativeTarget "FlixsterTests" */;
			buildPhases = (
				F6DEB68A6628B25178D06AF8 /* [CP] Check Pods Manifest.lock */,
				F96367C822C3F3C8001E8198 /* Sources */,
				F96367C922C3F3C8001E8198 /* Frameworks */,
				F96367CA22C3F3C8001E8198 /* Resources */,
			);
			buildRules = (
			);
			dependencies = (
				F96367CE22C3F3C8001E8198 /* PBXTargetDependency */,
			);
			name = FlixsterTests;
			productName = FlixsterTests;
			productReference = F96367CC22C3F3C8001E8198 /* FlixsterTests.xctest */;
			productType = "com.apple.product-type.bundle.unit-test";
		};
		F96367D622C3F3C8001E8198 /* FlixsterUITests */ = {
			isa = PBXNativeTarget;
			buildConfigurationList = F96367E622C3F3C8001E8198 /* Build configuration list for PBXNativeTarget "FlixsterUITests" */;
			buildPhases = (
				4DA7403D665036A649874F83 /* [CP] Check Pods Manifest.lock */,
				F96367D322C3F3C8001E8198 /* Sources */,
				F96367D422C3F3C8001E8198 /* Frameworks */,
				F96367D522C3F3C8001E8198 /* Resources */,
			);
			buildRules = (
			);
			dependencies = (
				F96367D922C3F3C8001E8198 /* PBXTargetDependency */,
			);
			name = FlixsterUITests;
			productName = FlixsterUITests;
			productReference = F96367D722C3F3C8001E8198 /* FlixsterUITests.xctest */;
			productType = "com.apple.product-type.bundle.ui-testing";
		};
/* End PBXNativeTarget section */

/* Begin PBXProject section */
		F96367AC22C3F3C7001E8198 /* Project object */ = {
			isa = PBXProject;
			attributes = {
				LastUpgradeCheck = 1020;
				ORGANIZATIONNAME = kchan23;
				TargetAttributes = {
					F96367B322C3F3C7001E8198 = {
						CreatedOnToolsVersion = 10.2.1;
					};
					F96367CB22C3F3C8001E8198 = {
						CreatedOnToolsVersion = 10.2.1;
						TestTargetID = F96367B322C3F3C7001E8198;
					};
					F96367D622C3F3C8001E8198 = {
						CreatedOnToolsVersion = 10.2.1;
						TestTargetID = F96367B322C3F3C7001E8198;
					};
				};
			};
			buildConfigurationList = F96367AF22C3F3C7001E8198 /* Build configuration list for PBXProject "Flixster" */;
			compatibilityVersion = "Xcode 9.3";
			developmentRegion = en;
			hasScannedForEncodings = 0;
			knownRegions = (
				en,
				Base,
			);
			mainGroup = F96367AB22C3F3C7001E8198;
			productRefGroup = F96367B522C3F3C7001E8198 /* Products */;
			projectDirPath = "";
			projectRoot = "";
			targets = (
				F96367B322C3F3C7001E8198 /* Flixster */,
				F96367CB22C3F3C8001E8198 /* FlixsterTests */,
				F96367D622C3F3C8001E8198 /* FlixsterUITests */,
			);
		};
/* End PBXProject section */

/* Begin PBXResourcesBuildPhase section */
		F96367B222C3F3C7001E8198 /* Resources */ = {
			isa = PBXResourcesBuildPhase;
			buildActionMask = 2147483647;
			files = (
				F96367C422C3F3C8001E8198 /* LaunchScreen.storyboard in Resources */,
				F96367C122C3F3C8001E8198 /* Assets.xcassets in Resources */,
				F96367BF22C3F3C7001E8198 /* Main.storyboard in Resources */,
			);
			runOnlyForDeploymentPostprocessing = 0;
		};
		F96367CA22C3F3C8001E8198 /* Resources */ = {
			isa = PBXResourcesBuildPhase;
			buildActionMask = 2147483647;
			files = (
			);
			runOnlyForDeploymentPostprocessing = 0;
		};
		F96367D522C3F3C8001E8198 /* Resources */ = {
			isa = PBXResourcesBuildPhase;
			buildActionMask = 2147483647;
			files = (
			);
			runOnlyForDeploymentPostprocessing = 0;
		};
/* End PBXResourcesBuildPhase section */

/* Begin PBXShellScriptBuildPhase section */
		4DA7403D665036A649874F83 /* [CP] Check Pods Manifest.lock */ = {
			isa = PBXShellScriptBuildPhase;
			buildActionMask = 2147483647;
			files = (
			);
			inputFileListPaths = (
			);
			inputPaths = (
				"${PODS_PODFILE_DIR_PATH}/Podfile.lock",
				"${PODS_ROOT}/Manifest.lock",
			);
			name = "[CP] Check Pods Manifest.lock";
			outputFileListPaths = (
			);
			outputPaths = (
				"$(DERIVED_FILE_DIR)/Pods-FlixsterUITests-checkManifestLockResult.txt",
			);
			runOnlyForDeploymentPostprocessing = 0;
			shellPath = /bin/sh;
			shellScript = "diff \"${PODS_PODFILE_DIR_PATH}/Podfile.lock\" \"${PODS_ROOT}/Manifest.lock\" > /dev/null\nif [ $? != 0 ] ; then\n    # print error to STDERR\n    echo \"error: The sandbox is not in sync with the Podfile.lock. Run 'pod install' or update your CocoaPods installation.\" >&2\n    exit 1\nfi\n# This output is used by Xcode 'outputs' to avoid re-running this script phase.\necho \"SUCCESS\" > \"${SCRIPT_OUTPUT_FILE_0}\"\n";
			showEnvVarsInLog = 0;
		};
		7A2ED1CF5E4FD2F07A4FDBDC /* [CP] Embed Pods Frameworks */ = {
			isa = PBXShellScriptBuildPhase;
			buildActionMask = 2147483647;
			files = (
			);
			inputFileListPaths = (
				"${PODS_ROOT}/Target Support Files/Pods-Flixster/Pods-Flixster-frameworks-${CONFIGURATION}-input-files.xcfilelist",
			);
			name = "[CP] Embed Pods Frameworks";
			outputFileListPaths = (
				"${PODS_ROOT}/Target Support Files/Pods-Flixster/Pods-Flixster-frameworks-${CONFIGURATION}-output-files.xcfilelist",
			);
			runOnlyForDeploymentPostprocessing = 0;
			shellPath = /bin/sh;
			shellScript = "\"${PODS_ROOT}/Target Support Files/Pods-Flixster/Pods-Flixster-frameworks.sh\"\n";
			showEnvVarsInLog = 0;
		};
		80AB670EEFDB139F48A31EBB /* [CP] Check Pods Manifest.lock */ = {
			isa = PBXShellScriptBuildPhase;
			buildActionMask = 2147483647;
			files = (
			);
			inputFileListPaths = (
			);
			inputPaths = (
				"${PODS_PODFILE_DIR_PATH}/Podfile.lock",
				"${PODS_ROOT}/Manifest.lock",
			);
			name = "[CP] Check Pods Manifest.lock";
			outputFileListPaths = (
			);
			outputPaths = (
				"$(DERIVED_FILE_DIR)/Pods-Flixster-checkManifestLockResult.txt",
			);
			runOnlyForDeploymentPostprocessing = 0;
			shellPath = /bin/sh;
			shellScript = "diff \"${PODS_PODFILE_DIR_PATH}/Podfile.lock\" \"${PODS_ROOT}/Manifest.lock\" > /dev/null\nif [ $? != 0 ] ; then\n    # print error to STDERR\n    echo \"error: The sandbox is not in sync with the Podfile.lock. Run 'pod install' or update your CocoaPods installation.\" >&2\n    exit 1\nfi\n# This output is used by Xcode 'outputs' to avoid re-running this script phase.\necho \"SUCCESS\" > \"${SCRIPT_OUTPUT_FILE_0}\"\n";
			showEnvVarsInLog = 0;
		};
		F6DEB68A6628B25178D06AF8 /* [CP] Check Pods Manifest.lock */ = {
			isa = PBXShellScriptBuildPhase;
			buildActionMask = 2147483647;
			files = (
			);
			inputFileListPaths = (
			);
			inputPaths = (
				"${PODS_PODFILE_DIR_PATH}/Podfile.lock",
				"${PODS_ROOT}/Manifest.lock",
			);
			name = "[CP] Check Pods Manifest.lock";
			outputFileListPaths = (
			);
			outputPaths = (
				"$(DERIVED_FILE_DIR)/Pods-FlixsterTests-checkManifestLockResult.txt",
			);
			runOnlyForDeploymentPostprocessing = 0;
			shellPath = /bin/sh;
			shellScript = "diff \"${PODS_PODFILE_DIR_PATH}/Podfile.lock\" \"${PODS_ROOT}/Manifest.lock\" > /dev/null\nif [ $? != 0 ] ; then\n    # print error to STDERR\n    echo \"error: The sandbox is not in sync with the Podfile.lock. Run 'pod install' or update your CocoaPods installation.\" >&2\n    exit 1\nfi\n# This output is used by Xcode 'outputs' to avoid re-running this script phase.\necho \"SUCCESS\" > \"${SCRIPT_OUTPUT_FILE_0}\"\n";
			showEnvVarsInLog = 0;
		};
/* End PBXShellScriptBuildPhase section */

/* Begin PBXSourcesBuildPhase section */
		F96367B022C3F3C7001E8198 /* Sources */ = {
			isa = PBXSourcesBuildPhase;
			buildActionMask = 2147483647;
			files = (
				F96367C722C3F3C8001E8198 /* main.m in Sources */,
				F96367F422C43A6D001E8198 /* DetailsViewController.m in Sources */,
				F96367B922C3F3C7001E8198 /* AppDelegate.m in Sources */,
				F96367FA22C44A14001E8198 /* MovieCollectionCell.m in Sources */,
				F93FDD3322C5DB4E0082E8C5 /* FamilyGridViewController.m in Sources */,
				F93FDD3622C5DD750082E8C5 /* FamilyCollectionCell.m in Sources */,
				F96367F122C4247F001E8198 /* MovieCell.m in Sources */,
				F96367EB22C40225001E8198 /* MoviesViewController.m in Sources */,
				F96367F722C4477A001E8198 /* MoviesGridViewController.m in Sources */,
			);
			runOnlyForDeploymentPostprocessing = 0;
		};
		F96367C822C3F3C8001E8198 /* Sources */ = {
			isa = PBXSourcesBuildPhase;
			buildActionMask = 2147483647;
			files = (
				F96367D122C3F3C8001E8198 /* FlixsterTests.m in Sources */,
			);
			runOnlyForDeploymentPostprocessing = 0;
		};
		F96367D322C3F3C8001E8198 /* Sources */ = {
			isa = PBXSourcesBuildPhase;
			buildActionMask = 2147483647;
			files = (
				F96367DC22C3F3C8001E8198 /* FlixsterUITests.m in Sources */,
			);
			runOnlyForDeploymentPostprocessing = 0;
		};
/* End PBXSourcesBuildPhase section */

/* Begin PBXTargetDependency section */
		F96367CE22C3F3C8001E8198 /* PBXTargetDependency */ = {
			isa = PBXTargetDependency;
			target = F96367B322C3F3C7001E8198 /* Flixster */;
			targetProxy = F96367CD22C3F3C8001E8198 /* PBXContainerItemProxy */;
		};
		F96367D922C3F3C8001E8198 /* PBXTargetDependency */ = {
			isa = PBXTargetDependency;
			target = F96367B322C3F3C7001E8198 /* Flixster */;
			targetProxy = F96367D822C3F3C8001E8198 /* PBXContainerItemProxy */;
		};
/* End PBXTargetDependency section */

/* Begin PBXVariantGroup section */
		F96367BD22C3F3C7001E8198 /* Main.storyboard */ = {
			isa = PBXVariantGroup;
			children = (
				F96367BE22C3F3C7001E8198 /* Base */,
			);
			name = Main.storyboard;
			sourceTree = "<group>";
		};
		F96367C222C3F3C8001E8198 /* LaunchScreen.storyboard */ = {
			isa = PBXVariantGroup;
			children = (
				F96367C322C3F3C8001E8198 /* Base */,
			);
			name = LaunchScreen.storyboard;
			sourceTree = "<group>";
		};
/* End PBXVariantGroup section */

/* Begin XCBuildConfiguration section */
		F96367DE22C3F3C8001E8198 /* Debug */ = {
			isa = XCBuildConfiguration;
			buildSettings = {
				ALWAYS_SEARCH_USER_PATHS = NO;
				CLANG_ANALYZER_NONNULL = YES;
				CLANG_ANALYZER_NUMBER_OBJECT_CONVERSION = YES_AGGRESSIVE;
				CLANG_CXX_LANGUAGE_STANDARD = "gnu++14";
				CLANG_CXX_LIBRARY = "libc++";
				CLANG_ENABLE_MODULES = YES;
				CLANG_ENABLE_OBJC_ARC = YES;
				CLANG_ENABLE_OBJC_WEAK = YES;
				CLANG_WARN_BLOCK_CAPTURE_AUTORELEASING = YES;
				CLANG_WARN_BOOL_CONVERSION = YES;
				CLANG_WARN_COMMA = YES;
				CLANG_WARN_CONSTANT_CONVERSION = YES;
				CLANG_WARN_DEPRECATED_OBJC_IMPLEMENTATIONS = YES;
				CLANG_WARN_DIRECT_OBJC_ISA_USAGE = YES_ERROR;
				CLANG_WARN_DOCUMENTATION_COMMENTS = YES;
				CLANG_WARN_EMPTY_BODY = YES;
				CLANG_WARN_ENUM_CONVERSION = YES;
				CLANG_WARN_INFINITE_RECURSION = YES;
				CLANG_WARN_INT_CONVERSION = YES;
				CLANG_WARN_NON_LITERAL_NULL_CONVERSION = YES;
				CLANG_WARN_OBJC_IMPLICIT_RETAIN_SELF = YES;
				CLANG_WARN_OBJC_LITERAL_CONVERSION = YES;
				CLANG_WARN_OBJC_ROOT_CLASS = YES_ERROR;
				CLANG_WARN_RANGE_LOOP_ANALYSIS = YES;
				CLANG_WARN_STRICT_PROTOTYPES = YES;
				CLANG_WARN_SUSPICIOUS_MOVE = YES;
				CLANG_WARN_UNGUARDED_AVAILABILITY = YES_AGGRESSIVE;
				CLANG_WARN_UNREACHABLE_CODE = YES;
				CLANG_WARN__DUPLICATE_METHOD_MATCH = YES;
				CODE_SIGN_IDENTITY = "iPhone Developer";
				COPY_PHASE_STRIP = NO;
				DEBUG_INFORMATION_FORMAT = dwarf;
				ENABLE_STRICT_OBJC_MSGSEND = YES;
				ENABLE_TESTABILITY = YES;
				GCC_C_LANGUAGE_STANDARD = gnu11;
				GCC_DYNAMIC_NO_PIC = NO;
				GCC_NO_COMMON_BLOCKS = YES;
				GCC_OPTIMIZATION_LEVEL = 0;
				GCC_PREPROCESSOR_DEFINITIONS = (
					"DEBUG=1",
					"$(inherited)",
				);
				GCC_WARN_64_TO_32_BIT_CONVERSION = YES;
				GCC_WARN_ABOUT_RETURN_TYPE = YES_ERROR;
				GCC_WARN_UNDECLARED_SELECTOR = YES;
				GCC_WARN_UNINITIALIZED_AUTOS = YES_AGGRESSIVE;
				GCC_WARN_UNUSED_FUNCTION = YES;
				GCC_WARN_UNUSED_VARIABLE = YES;
				IPHONEOS_DEPLOYMENT_TARGET = 12.2;
				MTL_ENABLE_DEBUG_INFO = INCLUDE_SOURCE;
				MTL_FAST_MATH = YES;
				ONLY_ACTIVE_ARCH = YES;
				SDKROOT = iphoneos;
			};
			name = Debug;
		};
		F96367DF22C3F3C8001E8198 /* Release */ = {
			isa = XCBuildConfiguration;
			buildSettings = {
				ALWAYS_SEARCH_USER_PATHS = NO;
				CLANG_ANALYZER_NONNULL = YES;
				CLANG_ANALYZER_NUMBER_OBJECT_CONVERSION = YES_AGGRESSIVE;
				CLANG_CXX_LANGUAGE_STANDARD = "gnu++14";
				CLANG_CXX_LIBRARY = "libc++";
				CLANG_ENABLE_MODULES = YES;
				CLANG_ENABLE_OBJC_ARC = YES;
				CLANG_ENABLE_OBJC_WEAK = YES;
				CLANG_WARN_BLOCK_CAPTURE_AUTORELEASING = YES;
				CLANG_WARN_BOOL_CONVERSION = YES;
				CLANG_WARN_COMMA = YES;
				CLANG_WARN_CONSTANT_CONVERSION = YES;
				CLANG_WARN_DEPRECATED_OBJC_IMPLEMENTATIONS = YES;
				CLANG_WARN_DIRECT_OBJC_ISA_USAGE = YES_ERROR;
				CLANG_WARN_DOCUMENTATION_COMMENTS = YES;
				CLANG_WARN_EMPTY_BODY = YES;
				CLANG_WARN_ENUM_CONVERSION = YES;
				CLANG_WARN_INFINITE_RECURSION = YES;
				CLANG_WARN_INT_CONVERSION = YES;
				CLANG_WARN_NON_LITERAL_NULL_CONVERSION = YES;
				CLANG_WARN_OBJC_IMPLICIT_RETAIN_SELF = YES;
				CLANG_WARN_OBJC_LITERAL_CONVERSION = YES;
				CLANG_WARN_OBJC_ROOT_CLASS = YES_ERROR;
				CLANG_WARN_RANGE_LOOP_ANALYSIS = YES;
				CLANG_WARN_STRICT_PROTOTYPES = YES;
				CLANG_WARN_SUSPICIOUS_MOVE = YES;
				CLANG_WARN_UNGUARDED_AVAILABILITY = YES_AGGRESSIVE;
				CLANG_WARN_UNREACHABLE_CODE = YES;
				CLANG_WARN__DUPLICATE_METHOD_MATCH = YES;
				CODE_SIGN_IDENTITY = "iPhone Developer";
				COPY_PHASE_STRIP = NO;
				DEBUG_INFORMATION_FORMAT = "dwarf-with-dsym";
				ENABLE_NS_ASSERTIONS = NO;
				ENABLE_STRICT_OBJC_MSGSEND = YES;
				GCC_C_LANGUAGE_STANDARD = gnu11;
				GCC_NO_COMMON_BLOCKS = YES;
				GCC_WARN_64_TO_32_BIT_CONVERSION = YES;
				GCC_WARN_ABOUT_RETURN_TYPE = YES_ERROR;
				GCC_WARN_UNDECLARED_SELECTOR = YES;
				GCC_WARN_UNINITIALIZED_AUTOS = YES_AGGRESSIVE;
				GCC_WARN_UNUSED_FUNCTION = YES;
				GCC_WARN_UNUSED_VARIABLE = YES;
				IPHONEOS_DEPLOYMENT_TARGET = 12.2;
				MTL_ENABLE_DEBUG_INFO = NO;
				MTL_FAST_MATH = YES;
				SDKROOT = iphoneos;
				VALIDATE_PRODUCT = YES;
			};
			name = Release;
		};
		F96367E122C3F3C8001E8198 /* Debug */ = {
			isa = XCBuildConfiguration;
			baseConfigurationReference = 38C79EC4DF12A33050E4B0FD /* Pods-Flixster.debug.xcconfig */;
			buildSettings = {
				ASSETCATALOG_COMPILER_APPICON_NAME = AppIcon;
				CODE_SIGN_STYLE = Automatic;
				DEVELOPMENT_TEAM = 4XDFC548L2;
				INFOPLIST_FILE = Flixster/Info.plist;
				LD_RUNPATH_SEARCH_PATHS = (
					"$(inherited)",
					"@executable_path/Frameworks",
				);
				PRODUCT_BUNDLE_IDENTIFIER = com.katelin.chan.Flixster;
				PRODUCT_NAME = "$(TARGET_NAME)";
				TARGETED_DEVICE_FAMILY = "1,2";
			};
			name = Debug;
		};
		F96367E222C3F3C8001E8198 /* Release */ = {
			isa = XCBuildConfiguration;
			baseConfigurationReference = DA84D3521CBD1A6594875006 /* Pods-Flixster.release.xcconfig */;
			buildSettings = {
				ASSETCATALOG_COMPILER_APPICON_NAME = AppIcon;
				CODE_SIGN_STYLE = Automatic;
				DEVELOPMENT_TEAM = 4XDFC548L2;
				INFOPLIST_FILE = Flixster/Info.plist;
				LD_RUNPATH_SEARCH_PATHS = (
					"$(inherited)",
					"@executable_path/Frameworks",
				);
				PRODUCT_BUNDLE_IDENTIFIER = com.katelin.chan.Flixster;
				PRODUCT_NAME = "$(TARGET_NAME)";
				TARGETED_DEVICE_FAMILY = "1,2";
			};
			name = Release;
		};
		F96367E422C3F3C8001E8198 /* Debug */ = {
			isa = XCBuildConfiguration;
			baseConfigurationReference = E12ABAFE2D65A47F0C583AEF /* Pods-FlixsterTests.debug.xcconfig */;
			buildSettings = {
				BUNDLE_LOADER = "$(TEST_HOST)";
				CODE_SIGN_STYLE = Automatic;
				INFOPLIST_FILE = FlixsterTests/Info.plist;
				LD_RUNPATH_SEARCH_PATHS = (
					"$(inherited)",
					"@executable_path/Frameworks",
					"@loader_path/Frameworks",
				);
				PRODUCT_BUNDLE_IDENTIFIER = com.katelin.chan.FlixsterTests;
				PRODUCT_NAME = "$(TARGET_NAME)";
				TARGETED_DEVICE_FAMILY = "1,2";
				TEST_HOST = "$(BUILT_PRODUCTS_DIR)/Flixster.app/Flixster";
			};
			name = Debug;
		};
		F96367E522C3F3C8001E8198 /* Release */ = {
			isa = XCBuildConfiguration;
			baseConfigurationReference = C17436852BD9990D9E73D862 /* Pods-FlixsterTests.release.xcconfig */;
			buildSettings = {
				BUNDLE_LOADER = "$(TEST_HOST)";
				CODE_SIGN_STYLE = Automatic;
				INFOPLIST_FILE = FlixsterTests/Info.plist;
				LD_RUNPATH_SEARCH_PATHS = (
					"$(inherited)",
					"@executable_path/Frameworks",
					"@loader_path/Frameworks",
				);
				PRODUCT_BUNDLE_IDENTIFIER = com.katelin.chan.FlixsterTests;
				PRODUCT_NAME = "$(TARGET_NAME)";
				TARGETED_DEVICE_FAMILY = "1,2";
				TEST_HOST = "$(BUILT_PRODUCTS_DIR)/Flixster.app/Flixster";
			};
			name = Release;
		};
		F96367E722C3F3C8001E8198 /* Debug */ = {
			isa = XCBuildConfiguration;
			baseConfigurationReference = AB743DB46DE3712DC4F2D547 /* Pods-FlixsterUITests.debug.xcconfig */;
			buildSettings = {
				CODE_SIGN_STYLE = Automatic;
				INFOPLIST_FILE = FlixsterUITests/Info.plist;
				LD_RUNPATH_SEARCH_PATHS = (
					"$(inherited)",
					"@executable_path/Frameworks",
					"@loader_path/Frameworks",
				);
				PRODUCT_BUNDLE_IDENTIFIER = com.katelin.chan.FlixsterUITests;
				PRODUCT_NAME = "$(TARGET_NAME)";
				TARGETED_DEVICE_FAMILY = "1,2";
				TEST_TARGET_NAME = Flixster;
			};
			name = Debug;
		};
		F96367E822C3F3C8001E8198 /* Release */ = {
			isa = XCBuildConfiguration;
			baseConfigurationReference = 1440026B38188D9B9C6C0493 /* Pods-FlixsterUITests.release.xcconfig */;
			buildSettings = {
				CODE_SIGN_STYLE = Automatic;
				INFOPLIST_FILE = FlixsterUITests/Info.plist;
				LD_RUNPATH_SEARCH_PATHS = (
					"$(inherited)",
					"@executable_path/Frameworks",
					"@loader_path/Frameworks",
				);
				PRODUCT_BUNDLE_IDENTIFIER = com.katelin.chan.FlixsterUITests;
				PRODUCT_NAME = "$(TARGET_NAME)";
				TARGETED_DEVICE_FAMILY = "1,2";
				TEST_TARGET_NAME = Flixster;
			};
			name = Release;
		};
/* End XCBuildConfiguration section */

/* Begin XCConfigurationList section */
		F96367AF22C3F3C7001E8198 /* Build configuration list for PBXProject "Flixster" */ = {
			isa = XCConfigurationList;
			buildConfigurations = (
				F96367DE22C3F3C8001E8198 /* Debug */,
				F96367DF22C3F3C8001E8198 /* Release */,
			);
			defaultConfigurationIsVisible = 0;
			defaultConfigurationName = Release;
		};
		F96367E022C3F3C8001E8198 /* Build configuration list for PBXNativeTarget "Flixster" */ = {
			isa = XCConfigurationList;
			buildConfigurations = (
				F96367E122C3F3C8001E8198 /* Debug */,
				F96367E222C3F3C8001E8198 /* Release */,
			);
			defaultConfigurationIsVisible = 0;
			defaultConfigurationName = Release;
		};
		F96367E322C3F3C8001E8198 /* Build configuration list for PBXNativeTarget "FlixsterTests" */ = {
			isa = XCConfigurationList;
			buildConfigurations = (
				F96367E422C3F3C8001E8198 /* Debug */,
				F96367E522C3F3C8001E8198 /* Release */,
			);
			defaultConfigurationIsVisible = 0;
			defaultConfigurationName = Release;
		};
		F96367E622C3F3C8001E8198 /* Build configuration list for PBXNativeTarget "FlixsterUITests" */ = {
			isa = XCConfigurationList;
			buildConfigurations = (
				F96367E722C3F3C8001E8198 /* Debug */,
				F96367E822C3F3C8001E8198 /* Release */,
			);
			defaultConfigurationIsVisible = 0;
			defaultConfigurationName = Release;
		};
/* End XCConfigurationList section */
	};
	rootObject = F96367AC22C3F3C7001E8198 /* Project object */;
}
